
Microsoft Visual Studio Solution File, Format Version 12.00
# Visual Studio 15
VisualStudioVersion = 15.0.28010.2041
MinimumVisualStudioVersion = 10.0.40219.1
Project("{FAE04EC0-301F-11D3-BF4B-00C04F79EFBC}") = "WgWall", "WgWall\WgWall.csproj", "{92A1014D-3E3A-42AC-B2A9-21536898844D}"
EndProject
Global
	GlobalSection(SolutionConfigurationPlatforms) = preSolution
		Debug|Any CPU = Debug|Any CPU
		Release|Any CPU = Release|Any CPU
	EndGlobalSection
	GlobalSection(ProjectConfigurationPlatforms) = postSolution
		{92A1014D-3E3A-42AC-B2A9-21536898844D}.Debug|Any CPU.ActiveCfg = Debug|Any CPU
		{92A1014D-3E3A-42AC-B2A9-21536898844D}.Debug|Any CPU.Build.0 = Debug|Any CPU
		{92A1014D-3E3A-42AC-B2A9-21536898844D}.Release|Any CPU.ActiveCfg = Release|Any CPU
		{92A1014D-3E3A-42AC-B2A9-21536898844D}.Release|Any CPU.Build.0 = Release|Any CPU
	EndGlobalSection
	GlobalSection(SolutionProperties) = preSolution
		HideSolutionNode = FALSE
	EndGlobalSection
	GlobalSection(ExtensibilityGlobals) = postSolution
		SolutionGuid = {739E9171-6031-4D13-938E-F5A1603C7577}
	EndGlobalSection
EndGlobal
